{
  "name": "node-red-contrib-input-event",
  "version": "1.0.0",
  "lockfileVersion": 2,
  "requires": true,
  "packages": {
    "": {
      "name": "node-red-contrib-input-event",
      "version": "1.0.0",
      "license": "MIT",
      "dependencies": {
        "input-event": "^1.2.6",
        "uiohook-napi": "^1.2.0"
      }
    },
    "node_modules/input-event": {
      "version": "1.2.6",
      "license": "MIT"
    },
    "node_modules/node-gyp-build": {
      "version": "4.5.0",
      "resolved": "https://registry.npmjs.org/node-gyp-build/-/node-gyp-build-4.5.0.tgz",
      "integrity": "sha512-2iGbaQBV+ITgCz76ZEjmhUKAKVf7xfY1sRl4UiKQspfZMH2h06SyhNsnSVy50cwkFQDGLyif6m/6uFXHkOZ6rg==",
      "bin": {
        "node-gyp-build": "bin.js",
        "node-gyp-build-optional": "optional.js",
        "node-gyp-build-test": "build-test.js"
      }
    },
    "node_modules/uiohook-napi": {
      "version": "1.2.0",
      "resolved": "https://registry.npmjs.org/uiohook-napi/-/uiohook-napi-1.2.0.tgz",
      "integrity": "sha512-v38nuM356VZkdtlzLsBjCQTy22BeJ173url2ZjjwdiD+pq976YU4GGUxyxR1Gg8VuZvZDMfuNOnhnXUQ88VZLg==",
      "hasInstallScript": true,
      "dependencies": {
        "node-gyp-build": "4.x.x"
      },
      "engines": {
        "node": ">= 16"
      }
    }
  },
  "dependencies": {
    "input-event": {
      "version": "1.2.6"
    },
    "node-gyp-build": {
      "version": "4.5.0",
      "resolved": "https://registry.npmjs.org/node-gyp-build/-/node-gyp-build-4.5.0.tgz",
      "integrity": "sha512-2iGbaQBV+ITgCz76ZEjmhUKAKVf7xfY1sRl4UiKQspfZMH2h06SyhNsnSVy50cwkFQDGLyif6m/6uFXHkOZ6rg=="
    },
    "uiohook-napi": {
      "version": "1.2.0",
      "resolved": "https://registry.npmjs.org/uiohook-napi/-/uiohook-napi-1.2.0.tgz",
      "integrity": "sha512-v38nuM356VZkdtlzLsBjCQTy22BeJ173url2ZjjwdiD+pq976YU4GGUxyxR1Gg8VuZvZDMfuNOnhnXUQ88VZLg==",
      "requires": {
        "node-gyp-build": "4.x.x"
      }
    }
  }
}
